github.com/SSSOCPaulCote/blunderguard v0.0.0-20220611160827-401cd5c1610a h1:lloMlsBR6U0EIx/KuVkwsP6/I3Ci6M4jiKjZAKOQTks=
github.com/SSSOCPaulCote/blunderguard v0.0.0-20220611160827-401cd5c1610a/go.mod h1:QmPQSk28XTjXldnFMmKGnYtux+oAI7n4h+VmXqi6Edg=
github.com/google/uuid v1.3.0 h1:t6JiXgmwXMjEs8VusXIJk2BXHsn+wx8BZdTaoZ5fu7I=
github.com/google/uuid v1.3.0/go.mod h1:TIyPZe4MgqvfeYDBFedMoGGpEw/LqOeaOT+nhxU+yHo=
github.com/pkg/errors v0.9.1 h1:FEBLx1zS214owpjy7qsBeixbURkuhQAwrK5UwLGTwt4=
github.com/pkg/errors v0.9.1/go.mod h1:bwawxfHBFNV+L2hUp1rHADufV3IMtnDRdf1r5NINEl0=
github.com/traefik/yaegi v0.15.0 h1:ScDDfQXTT75rKvcsMcP84rOxHsZ8b6NiQJyGocGDB7g=
github.com/traefik/yaegi v0.15.0/go.mod h1:AVRxhaI2G+nUsaM1zyktzwXn69G3t/AuTDrCiTds9p0=
